{
  "name": "chat-gateaway",
  "version": "1.0.0",
  "lockfileVersion": 3,
  "requires": true,
  "packages": {
    "": {
      "name": "chat-gateaway",
      "version": "1.0.0",
      "license": "ISC",
      "dependencies": {
        "ws": "^8.18.2",
        "zeromq": "^6.4.2"
      }
    },
    "node_modules/cmake-ts": {
      "version": "0.6.1",
      "resolved": "https://registry.npmjs.org/cmake-ts/-/cmake-ts-0.6.1.tgz",
      "integrity": "sha512-uUn2qGhf20j8W/sQ7+UnvvqO1zNccqgbLgwRJi7S23FsjMWJqxvKK80Vc+tvLNKfpJzwH0rgoQD1l24SMnX0yg==",
      "bin": {
        "cmake-ts": "build/main.js"
      }
    },
    "node_modules/node-addon-api": {
      "version": "8.3.1",
      "resolved": "https://registry.npmjs.org/node-addon-api/-/node-addon-api-8.3.1.tgz",
      "integrity": "sha512-lytcDEdxKjGJPTLEfW4mYMigRezMlyJY8W4wxJK8zE533Jlb8L8dRuObJFWg2P+AuOIxoCgKF+2Oq4d4Zd0OUA==",
      "engines": {
        "node": "^18 || ^20 || >= 21"
      }
    },
    "node_modules/ws": {
      "version": "8.18.2",
      "resolved": "https://registry.npmjs.org/ws/-/ws-8.18.2.tgz",
      "integrity": "sha512-DMricUmwGZUVr++AEAe2uiVM7UoO9MAVZMDu05UQOaUII0lp+zOzLLU4Xqh/JvTqklB1T4uELaaPBKyjE1r4fQ==",
      "engines": {
        "node": ">=10.0.0"
      },
      "peerDependencies": {
        "bufferutil": "^4.0.1",
        "utf-8-validate": ">=5.0.2"
      },
      "peerDependenciesMeta": {
        "bufferutil": {
          "optional": true
        },
        "utf-8-validate": {
          "optional": true
        }
      }
    },
    "node_modules/zeromq": {
      "version": "6.4.2",
      "resolved": "https://registry.npmjs.org/zeromq/-/zeromq-6.4.2.tgz",
      "integrity": "sha512-FnQlI4lEAewE4JexJ6kqQuBVzRf0Mg1n/qE3uXilfosf+X5lqJPiaYfdL/w4SzgAEVBTyqbMt9NbjwI5H89Yaw==",
      "hasInstallScript": true,
      "dependencies": {
        "cmake-ts": "^0.6.1",
        "node-addon-api": "^8.3.0"
      },
      "engines": {
        "node": ">= 12"
      }
    }
  }
}
